
Microsoft Visual Studio Solution File, Format Version 12.00
# Visual Studio Version 16
VisualStudioVersion = 16.0.29905.134
MinimumVisualStudioVersion = 10.0.40219.1
Project("{FAE04EC0-301F-11D3-BF4B-00C04F79EFBC}") = "Build Your Own Universe", "Build Your Own Universe.csproj", "{CA414BFA-7B48-402B-AD0F-1E97C9934892}"
EndProject
Global
	GlobalSection(SolutionConfigurationPlatforms) = preSolution
		Debug|Any CPU = Debug|Any CPU
		Release|Any CPU = Release|Any CPU
	EndGlobalSection
	GlobalSection(ProjectConfigurationPlatforms) = postSolution
		{CA414BFA-7B48-402B-AD0F-1E97C9934892}.Debug|Any CPU.ActiveCfg = Debug|Any CPU
		{CA414BFA-7B48-402B-AD0F-1E97C9934892}.Debug|Any CPU.Build.0 = Debug|Any CPU
		{CA414BFA-7B48-402B-AD0F-1E97C9934892}.Release|Any CPU.ActiveCfg = Release|Any CPU
		{CA414BFA-7B48-402B-AD0F-1E97C9934892}.Release|Any CPU.Build.0 = Release|Any CPU
	EndGlobalSection
	GlobalSection(SolutionProperties) = preSolution
		HideSolutionNode = FALSE
	EndGlobalSection
	GlobalSection(ExtensibilityGlobals) = postSolution
		SolutionGuid = {2B9D4980-DA44-4BD3-BFFF-304B2E2B9DE6}
	EndGlobalSection
EndGlobal
